
Microsoft Visual Studio Solution File, Format Version 12.00
# Visual Studio Version 17
VisualStudioVersion = 17.14.37301.10 d17.14
MinimumVisualStudioVersion = 10.0.40219.1
Project("{FAE04EC0-301F-11D3-BF4B-00C04F79EFBC}") = "Dijkstra - Algorithmen", "Dijkstra - Algorithmen\Dijkstra - Algorithmen.csproj", "{EABFC6C3-C9CE-41EE-80B2-849B78973A4B}"
EndProject
Global
	GlobalSection(SolutionConfigurationPlatforms) = preSolution
		Debug|Any CPU = Debug|Any CPU
		Release|Any CPU = Release|Any CPU
	EndGlobalSection
	GlobalSection(ProjectConfigurationPlatforms) = postSolution
		{EABFC6C3-C9CE-41EE-80B2-849B78973A4B}.Debug|Any CPU.ActiveCfg = Debug|Any CPU
		{EABFC6C3-C9CE-41EE-80B2-849B78973A4B}.Debug|Any CPU.Build.0 = Debug|Any CPU
		{EABFC6C3-C9CE-41EE-80B2-849B78973A4B}.Release|Any CPU.ActiveCfg = Release|Any CPU
		{EABFC6C3-C9CE-41EE-80B2-849B78973A4B}.Release|Any CPU.Build.0 = Release|Any CPU
	EndGlobalSection
	GlobalSection(SolutionProperties) = preSolution
		HideSolutionNode = FALSE
	EndGlobalSection
	GlobalSection(ExtensibilityGlobals) = postSolution
		SolutionGuid = {069AE275-3DFB-42D2-B2EA-2E19032C8EA0}
	EndGlobalSection
EndGlobal
