
Microsoft Visual Studio Solution File, Format Version 12.00
# Visual Studio Version 17
VisualStudioVersion = 17.14.37203.1 d17.14
MinimumVisualStudioVersion = 10.0.40219.1
Project("{FAE04EC0-301F-11D3-BF4B-00C04F79EFBC}") = "WaldWunder", "WaldWunder\WaldWunder.csproj", "{AE1595DC-04CE-4E25-8007-6FE081F93F59}"
EndProject
Global
	GlobalSection(SolutionConfigurationPlatforms) = preSolution
		Debug|Any CPU = Debug|Any CPU
		Release|Any CPU = Release|Any CPU
	EndGlobalSection
	GlobalSection(ProjectConfigurationPlatforms) = postSolution
		{AE1595DC-04CE-4E25-8007-6FE081F93F59}.Debug|Any CPU.ActiveCfg = Debug|Any CPU
		{AE1595DC-04CE-4E25-8007-6FE081F93F59}.Debug|Any CPU.Build.0 = Debug|Any CPU
		{AE1595DC-04CE-4E25-8007-6FE081F93F59}.Release|Any CPU.ActiveCfg = Release|Any CPU
		{AE1595DC-04CE-4E25-8007-6FE081F93F59}.Release|Any CPU.Build.0 = Release|Any CPU
	EndGlobalSection
	GlobalSection(SolutionProperties) = preSolution
		HideSolutionNode = FALSE
	EndGlobalSection
	GlobalSection(ExtensibilityGlobals) = postSolution
		SolutionGuid = {54C46DB7-EE87-4865-8EAF-B3477874EC56}
	EndGlobalSection
EndGlobal
