
Microsoft Visual Studio Solution File, Format Version 12.00
# Visual Studio Version 17
VisualStudioVersion = 17.14.37111.16 d17.14
MinimumVisualStudioVersion = 10.0.40219.1
Project("{FAE04EC0-301F-11D3-BF4B-00C04F79EFBC}") = "u_waldwunder", "u_waldwunder.csproj", "{F3642EB1-0955-4847-92E8-E5A4C41DCA3A}"
EndProject
Global
	GlobalSection(SolutionConfigurationPlatforms) = preSolution
		Debug|Any CPU = Debug|Any CPU
		Release|Any CPU = Release|Any CPU
	EndGlobalSection
	GlobalSection(ProjectConfigurationPlatforms) = postSolution
		{F3642EB1-0955-4847-92E8-E5A4C41DCA3A}.Debug|Any CPU.ActiveCfg = Debug|Any CPU
		{F3642EB1-0955-4847-92E8-E5A4C41DCA3A}.Debug|Any CPU.Build.0 = Debug|Any CPU
		{F3642EB1-0955-4847-92E8-E5A4C41DCA3A}.Release|Any CPU.ActiveCfg = Release|Any CPU
		{F3642EB1-0955-4847-92E8-E5A4C41DCA3A}.Release|Any CPU.Build.0 = Release|Any CPU
	EndGlobalSection
	GlobalSection(SolutionProperties) = preSolution
		HideSolutionNode = FALSE
	EndGlobalSection
	GlobalSection(ExtensibilityGlobals) = postSolution
		SolutionGuid = {BAEA9ACA-B249-45D9-93C2-289DBC41B069}
	EndGlobalSection
EndGlobal
