
Microsoft Visual Studio Solution File, Format Version 12.00
# Visual Studio Version 17
VisualStudioVersion = 17.14.37012.4 d17.14
MinimumVisualStudioVersion = 10.0.40219.1
Project("{FAE04EC0-301F-11D3-BF4B-00C04F79EFBC}") = "Statuen aufstellen", "Statuen aufstellen\Statuen aufstellen.csproj", "{6717E016-DA5F-4A9F-AD9D-399812A1F637}"
EndProject
Global
	GlobalSection(SolutionConfigurationPlatforms) = preSolution
		Debug|Any CPU = Debug|Any CPU
		Release|Any CPU = Release|Any CPU
	EndGlobalSection
	GlobalSection(ProjectConfigurationPlatforms) = postSolution
		{6717E016-DA5F-4A9F-AD9D-399812A1F637}.Debug|Any CPU.ActiveCfg = Debug|Any CPU
		{6717E016-DA5F-4A9F-AD9D-399812A1F637}.Debug|Any CPU.Build.0 = Debug|Any CPU
		{6717E016-DA5F-4A9F-AD9D-399812A1F637}.Release|Any CPU.ActiveCfg = Release|Any CPU
		{6717E016-DA5F-4A9F-AD9D-399812A1F637}.Release|Any CPU.Build.0 = Release|Any CPU
	EndGlobalSection
	GlobalSection(SolutionProperties) = preSolution
		HideSolutionNode = FALSE
	EndGlobalSection
	GlobalSection(ExtensibilityGlobals) = postSolution
		SolutionGuid = {686FAF4D-6B7B-4EC4-8D7D-6FBCC01939A4}
	EndGlobalSection
EndGlobal
