
Microsoft Visual Studio Solution File, Format Version 12.00
# Visual Studio Version 17
VisualStudioVersion = 17.14.36705.20 d17.14
MinimumVisualStudioVersion = 10.0.40219.1
Project("{FAE04EC0-301F-11D3-BF4B-00C04F79EFBC}") = "WPF_Indicator", "WPF_Indicator\WPF_Indicator.csproj", "{C3789933-8223-45E4-A7BD-D08EE15EDE34}"
EndProject
Project("{FAE04EC0-301F-11D3-BF4B-00C04F79EFBC}") = "Indicator_Program", "Indicator_Program\Indicator_Program.csproj", "{3E90799D-1AC9-461A-AD8B-0A37D331F16A}"
EndProject
Global
	GlobalSection(SolutionConfigurationPlatforms) = preSolution
		Debug|Any CPU = Debug|Any CPU
		Release|Any CPU = Release|Any CPU
	EndGlobalSection
	GlobalSection(ProjectConfigurationPlatforms) = postSolution
		{C3789933-8223-45E4-A7BD-D08EE15EDE34}.Debug|Any CPU.ActiveCfg = Debug|Any CPU
		{C3789933-8223-45E4-A7BD-D08EE15EDE34}.Debug|Any CPU.Build.0 = Debug|Any CPU
		{C3789933-8223-45E4-A7BD-D08EE15EDE34}.Release|Any CPU.ActiveCfg = Release|Any CPU
		{C3789933-8223-45E4-A7BD-D08EE15EDE34}.Release|Any CPU.Build.0 = Release|Any CPU
		{3E90799D-1AC9-461A-AD8B-0A37D331F16A}.Debug|Any CPU.ActiveCfg = Debug|Any CPU
		{3E90799D-1AC9-461A-AD8B-0A37D331F16A}.Debug|Any CPU.Build.0 = Debug|Any CPU
		{3E90799D-1AC9-461A-AD8B-0A37D331F16A}.Release|Any CPU.ActiveCfg = Release|Any CPU
		{3E90799D-1AC9-461A-AD8B-0A37D331F16A}.Release|Any CPU.Build.0 = Release|Any CPU
	EndGlobalSection
	GlobalSection(SolutionProperties) = preSolution
		HideSolutionNode = FALSE
	EndGlobalSection
	GlobalSection(ExtensibilityGlobals) = postSolution
		SolutionGuid = {205289AA-D248-4C1D-92FF-22EFADE91332}
	EndGlobalSection
EndGlobal
