
Microsoft Visual Studio Solution File, Format Version 12.00
# Visual Studio Version 17
VisualStudioVersion = 17.14.36811.4 d17.14
MinimumVisualStudioVersion = 10.0.40219.1
Project("{FAE04EC0-301F-11D3-BF4B-00C04F79EFBC}") = "WpfCustomControlLibrary1", "WpfCustomControlLibrary1\WpfCustomControlLibrary1.csproj", "{6671C715-4F75-4BF5-9BBB-7FE3CE7C871F}"
EndProject
Project("{FAE04EC0-301F-11D3-BF4B-00C04F79EFBC}") = "WpfApp1", "WpfApp1\WpfApp1.csproj", "{8B55A3D1-7698-482D-B357-54D90603487A}"
EndProject
Global
	GlobalSection(SolutionConfigurationPlatforms) = preSolution
		Debug|Any CPU = Debug|Any CPU
		Release|Any CPU = Release|Any CPU
	EndGlobalSection
	GlobalSection(ProjectConfigurationPlatforms) = postSolution
		{6671C715-4F75-4BF5-9BBB-7FE3CE7C871F}.Debug|Any CPU.ActiveCfg = Debug|Any CPU
		{6671C715-4F75-4BF5-9BBB-7FE3CE7C871F}.Debug|Any CPU.Build.0 = Debug|Any CPU
		{6671C715-4F75-4BF5-9BBB-7FE3CE7C871F}.Release|Any CPU.ActiveCfg = Release|Any CPU
		{6671C715-4F75-4BF5-9BBB-7FE3CE7C871F}.Release|Any CPU.Build.0 = Release|Any CPU
		{8B55A3D1-7698-482D-B357-54D90603487A}.Debug|Any CPU.ActiveCfg = Debug|Any CPU
		{8B55A3D1-7698-482D-B357-54D90603487A}.Debug|Any CPU.Build.0 = Debug|Any CPU
		{8B55A3D1-7698-482D-B357-54D90603487A}.Release|Any CPU.ActiveCfg = Release|Any CPU
		{8B55A3D1-7698-482D-B357-54D90603487A}.Release|Any CPU.Build.0 = Release|Any CPU
	EndGlobalSection
	GlobalSection(SolutionProperties) = preSolution
		HideSolutionNode = FALSE
	EndGlobalSection
	GlobalSection(ExtensibilityGlobals) = postSolution
		SolutionGuid = {6B65FFC3-CA2A-41A5-816E-14D01A587304}
	EndGlobalSection
EndGlobal
