
Microsoft Visual Studio Solution File, Format Version 12.00
# Visual Studio Version 17
VisualStudioVersion = 17.14.37012.4 d17.14
MinimumVisualStudioVersion = 10.0.40219.1
Project("{FAE04EC0-301F-11D3-BF4B-00C04F79EFBC}") = "Inventar optimieren", "Inventar optimieren\Inventar optimieren.csproj", "{42689442-4FC9-4CE6-95B4-0F04C8FAC4E5}"
EndProject
Global
	GlobalSection(SolutionConfigurationPlatforms) = preSolution
		Debug|Any CPU = Debug|Any CPU
		Release|Any CPU = Release|Any CPU
	EndGlobalSection
	GlobalSection(ProjectConfigurationPlatforms) = postSolution
		{42689442-4FC9-4CE6-95B4-0F04C8FAC4E5}.Debug|Any CPU.ActiveCfg = Debug|Any CPU
		{42689442-4FC9-4CE6-95B4-0F04C8FAC4E5}.Debug|Any CPU.Build.0 = Debug|Any CPU
		{42689442-4FC9-4CE6-95B4-0F04C8FAC4E5}.Release|Any CPU.ActiveCfg = Release|Any CPU
		{42689442-4FC9-4CE6-95B4-0F04C8FAC4E5}.Release|Any CPU.Build.0 = Release|Any CPU
	EndGlobalSection
	GlobalSection(SolutionProperties) = preSolution
		HideSolutionNode = FALSE
	EndGlobalSection
	GlobalSection(ExtensibilityGlobals) = postSolution
		SolutionGuid = {6F5A373B-5E18-4346-81E4-BFE3E5CF5564}
	EndGlobalSection
EndGlobal
