
Microsoft Visual Studio Solution File, Format Version 12.00
# Visual Studio Version 17
VisualStudioVersion = 17.14.37111.16 d17.14
MinimumVisualStudioVersion = 10.0.40219.1
Project("{FAE04EC0-301F-11D3-BF4B-00C04F79EFBC}") = "WPF_Gomoku", "WPF_Gomoku\WPF_Gomoku.csproj", "{5A7F3D98-5B7B-468F-905A-DC5212A06826}"
EndProject
Global
	GlobalSection(SolutionConfigurationPlatforms) = preSolution
		Debug|Any CPU = Debug|Any CPU
		Release|Any CPU = Release|Any CPU
	EndGlobalSection
	GlobalSection(ProjectConfigurationPlatforms) = postSolution
		{5A7F3D98-5B7B-468F-905A-DC5212A06826}.Debug|Any CPU.ActiveCfg = Debug|Any CPU
		{5A7F3D98-5B7B-468F-905A-DC5212A06826}.Debug|Any CPU.Build.0 = Debug|Any CPU
		{5A7F3D98-5B7B-468F-905A-DC5212A06826}.Release|Any CPU.ActiveCfg = Release|Any CPU
		{5A7F3D98-5B7B-468F-905A-DC5212A06826}.Release|Any CPU.Build.0 = Release|Any CPU
	EndGlobalSection
	GlobalSection(SolutionProperties) = preSolution
		HideSolutionNode = FALSE
	EndGlobalSection
	GlobalSection(ExtensibilityGlobals) = postSolution
		SolutionGuid = {474CB986-A732-4A07-A4A3-CEAD55200DE1}
	EndGlobalSection
EndGlobal
