
Microsoft Visual Studio Solution File, Format Version 12.00
# Visual Studio Version 17
VisualStudioVersion = 17.14.37012.4 d17.14
MinimumVisualStudioVersion = 10.0.40219.1
Project("{FAE04EC0-301F-11D3-BF4B-00C04F79EFBC}") = "Gomoku", "Gomoku\Gomoku.csproj", "{2312F409-7090-44F9-A67E-767E5D680338}"
EndProject
Global
	GlobalSection(SolutionConfigurationPlatforms) = preSolution
		Debug|Any CPU = Debug|Any CPU
		Release|Any CPU = Release|Any CPU
	EndGlobalSection
	GlobalSection(ProjectConfigurationPlatforms) = postSolution
		{2312F409-7090-44F9-A67E-767E5D680338}.Debug|Any CPU.ActiveCfg = Debug|Any CPU
		{2312F409-7090-44F9-A67E-767E5D680338}.Debug|Any CPU.Build.0 = Debug|Any CPU
		{2312F409-7090-44F9-A67E-767E5D680338}.Release|Any CPU.ActiveCfg = Release|Any CPU
		{2312F409-7090-44F9-A67E-767E5D680338}.Release|Any CPU.Build.0 = Release|Any CPU
	EndGlobalSection
	GlobalSection(SolutionProperties) = preSolution
		HideSolutionNode = FALSE
	EndGlobalSection
	GlobalSection(ExtensibilityGlobals) = postSolution
		SolutionGuid = {B958A65F-68E2-4E4B-A32F-404DA83578DF}
	EndGlobalSection
EndGlobal
