
Microsoft Visual Studio Solution File, Format Version 12.00
# Visual Studio Version 17
VisualStudioVersion = 17.14.36717.8 d17.14
MinimumVisualStudioVersion = 10.0.40219.1
Project("{FAE04EC0-301F-11D3-BF4B-00C04F79EFBC}") = "WPF_Login_Registration", "WPF_Login_Registration\WPF_Login_Registration.csproj", "{E13B2D9A-B446-450D-881B-54E84811CEE7}"
EndProject
Project("{FAE04EC0-301F-11D3-BF4B-00C04F79EFBC}") = "WPF_Login_Registration_Program", "WPF_Login_Registration_Program\WPF_Login_Registration_Program.csproj", "{4B612F5C-E025-416B-B9A3-3A6C50C6DE54}"
EndProject
Global
	GlobalSection(SolutionConfigurationPlatforms) = preSolution
		Debug|Any CPU = Debug|Any CPU
		Release|Any CPU = Release|Any CPU
	EndGlobalSection
	GlobalSection(ProjectConfigurationPlatforms) = postSolution
		{E13B2D9A-B446-450D-881B-54E84811CEE7}.Debug|Any CPU.ActiveCfg = Debug|Any CPU
		{E13B2D9A-B446-450D-881B-54E84811CEE7}.Debug|Any CPU.Build.0 = Debug|Any CPU
		{E13B2D9A-B446-450D-881B-54E84811CEE7}.Release|Any CPU.ActiveCfg = Release|Any CPU
		{E13B2D9A-B446-450D-881B-54E84811CEE7}.Release|Any CPU.Build.0 = Release|Any CPU
		{4B612F5C-E025-416B-B9A3-3A6C50C6DE54}.Debug|Any CPU.ActiveCfg = Debug|Any CPU
		{4B612F5C-E025-416B-B9A3-3A6C50C6DE54}.Debug|Any CPU.Build.0 = Debug|Any CPU
		{4B612F5C-E025-416B-B9A3-3A6C50C6DE54}.Release|Any CPU.ActiveCfg = Release|Any CPU
		{4B612F5C-E025-416B-B9A3-3A6C50C6DE54}.Release|Any CPU.Build.0 = Release|Any CPU
	EndGlobalSection
	GlobalSection(SolutionProperties) = preSolution
		HideSolutionNode = FALSE
	EndGlobalSection
	GlobalSection(ExtensibilityGlobals) = postSolution
		SolutionGuid = {4945AF12-DA51-4CE7-841D-EEC8E07FF4A0}
	EndGlobalSection
EndGlobal
