
Microsoft Visual Studio Solution File, Format Version 12.00
# Visual Studio Version 17
VisualStudioVersion = 17.14.36811.4
MinimumVisualStudioVersion = 10.0.40219.1
Project("{FAE04EC0-301F-11D3-BF4B-00C04F79EFBC}") = "Server", "Server\Server.csproj", "{2F8B466F-23B6-4D7F-B775-7D178712790C}"
EndProject
Project("{FAE04EC0-301F-11D3-BF4B-00C04F79EFBC}") = "Client", "Client\Client.csproj", "{07EFA325-3683-4ED4-A444-B9C42EC5B560}"
EndProject
Project("{FAE04EC0-301F-11D3-BF4B-00C04F79EFBC}") = "NetworkLibrary", "NetworkLibrary\NetworkLibrary.csproj", "{C7BCEFDA-60DD-4954-85E9-2BA805761BCD}"
EndProject
Global
	GlobalSection(SolutionConfigurationPlatforms) = preSolution
		Debug|Any CPU = Debug|Any CPU
		Release|Any CPU = Release|Any CPU
	EndGlobalSection
	GlobalSection(ProjectConfigurationPlatforms) = postSolution
		{2F8B466F-23B6-4D7F-B775-7D178712790C}.Debug|Any CPU.ActiveCfg = Debug|Any CPU
		{2F8B466F-23B6-4D7F-B775-7D178712790C}.Debug|Any CPU.Build.0 = Debug|Any CPU
		{2F8B466F-23B6-4D7F-B775-7D178712790C}.Release|Any CPU.ActiveCfg = Release|Any CPU
		{2F8B466F-23B6-4D7F-B775-7D178712790C}.Release|Any CPU.Build.0 = Release|Any CPU
		{07EFA325-3683-4ED4-A444-B9C42EC5B560}.Debug|Any CPU.ActiveCfg = Debug|Any CPU
		{07EFA325-3683-4ED4-A444-B9C42EC5B560}.Debug|Any CPU.Build.0 = Debug|Any CPU
		{07EFA325-3683-4ED4-A444-B9C42EC5B560}.Release|Any CPU.ActiveCfg = Release|Any CPU
		{07EFA325-3683-4ED4-A444-B9C42EC5B560}.Release|Any CPU.Build.0 = Release|Any CPU
		{C7BCEFDA-60DD-4954-85E9-2BA805761BCD}.Debug|Any CPU.ActiveCfg = Debug|Any CPU
		{C7BCEFDA-60DD-4954-85E9-2BA805761BCD}.Debug|Any CPU.Build.0 = Debug|Any CPU
		{C7BCEFDA-60DD-4954-85E9-2BA805761BCD}.Release|Any CPU.ActiveCfg = Release|Any CPU
		{C7BCEFDA-60DD-4954-85E9-2BA805761BCD}.Release|Any CPU.Build.0 = Release|Any CPU
	EndGlobalSection
	GlobalSection(SolutionProperties) = preSolution
		HideSolutionNode = FALSE
	EndGlobalSection
	GlobalSection(ExtensibilityGlobals) = postSolution
		SolutionGuid = {3F74E831-2280-4106-9E76-CF1C1F94FFD8}
	EndGlobalSection
EndGlobal
