
Microsoft Visual Studio Solution File, Format Version 12.00
# Visual Studio Version 17
VisualStudioVersion = 17.14.36414.22 d17.14
MinimumVisualStudioVersion = 10.0.40219.1
Project("{FAE04EC0-301F-11D3-BF4B-00C04F79EFBC}") = "Multithreaded Counter", "Multithreaded Counter\Multithreaded Counter.csproj", "{359A0264-897F-4CAA-B0AB-FA52F4A1F976}"
EndProject
Global
	GlobalSection(SolutionConfigurationPlatforms) = preSolution
		Debug|Any CPU = Debug|Any CPU
		Release|Any CPU = Release|Any CPU
	EndGlobalSection
	GlobalSection(ProjectConfigurationPlatforms) = postSolution
		{359A0264-897F-4CAA-B0AB-FA52F4A1F976}.Debug|Any CPU.ActiveCfg = Debug|Any CPU
		{359A0264-897F-4CAA-B0AB-FA52F4A1F976}.Debug|Any CPU.Build.0 = Debug|Any CPU
		{359A0264-897F-4CAA-B0AB-FA52F4A1F976}.Release|Any CPU.ActiveCfg = Release|Any CPU
		{359A0264-897F-4CAA-B0AB-FA52F4A1F976}.Release|Any CPU.Build.0 = Release|Any CPU
	EndGlobalSection
	GlobalSection(SolutionProperties) = preSolution
		HideSolutionNode = FALSE
	EndGlobalSection
	GlobalSection(ExtensibilityGlobals) = postSolution
		SolutionGuid = {C1C57AA1-69B7-4F10-A902-1A93F8C92889}
	EndGlobalSection
EndGlobal
