
Microsoft Visual Studio Solution File, Format Version 12.00
# Visual Studio Version 17
VisualStudioVersion = 17.14.37027.9 d17.14
MinimumVisualStudioVersion = 10.0.40219.1
Project("{FAE04EC0-301F-11D3-BF4B-00C04F79EFBC}") = "Robotersteuerung", "Robotersteuerung\Robotersteuerung.csproj", "{0BD24EA9-A60F-4146-9B09-92703263E895}"
EndProject
Global
	GlobalSection(SolutionConfigurationPlatforms) = preSolution
		Debug|Any CPU = Debug|Any CPU
		Release|Any CPU = Release|Any CPU
	EndGlobalSection
	GlobalSection(ProjectConfigurationPlatforms) = postSolution
		{0BD24EA9-A60F-4146-9B09-92703263E895}.Debug|Any CPU.ActiveCfg = Debug|Any CPU
		{0BD24EA9-A60F-4146-9B09-92703263E895}.Debug|Any CPU.Build.0 = Debug|Any CPU
		{0BD24EA9-A60F-4146-9B09-92703263E895}.Release|Any CPU.ActiveCfg = Release|Any CPU
		{0BD24EA9-A60F-4146-9B09-92703263E895}.Release|Any CPU.Build.0 = Release|Any CPU
	EndGlobalSection
	GlobalSection(SolutionProperties) = preSolution
		HideSolutionNode = FALSE
	EndGlobalSection
	GlobalSection(ExtensibilityGlobals) = postSolution
		SolutionGuid = {18F4412C-0F00-41BC-AE24-40C0D8314E12}
	EndGlobalSection
EndGlobal
